<?xml version="1.0" encoding="utf-8"?>
<Project ToolsVersion="4.0" xmlns="http://schemas.microsoft.com/developer/msbuild/2003">
  <ItemGroup>
    <Filter Include="Source Files">
      <UniqueIdentifier>{e3f3632e-ead5-4884-8dd3-c6c251d767ba}</UniqueIdentifier>
    </Filter>
    <Filter Include="Generated Files">
      <UniqueIdentifier>{1bf8638d-c588-43ce-8b1d-4d3062081eec}</UniqueIdentifier>
      <SourceControlFiles>False</SourceControlFiles>
    </Filter>
  </ItemGroup>
  <ItemGroup>
    <None Include="SpoemWrapperps.def" />
  </ItemGroup>
  <ItemGroup>
    <ClCompile Include="SpoemWrapper_i.c">
      <Filter>Generated Files</Filter>
    </ClCompile>
    <ClCompile Include="SpoemWrapper_p.c">
      <Filter>Generated Files</Filter>
    </ClCompile>
    <ClCompile Include="dlldata.c">
      <Filter>Generated Files</Filter>
    </ClCompile>
  </ItemGroup>
</Project>